
Microsoft Visual Studio Solution File, Format Version 12.00
# Visual Studio Version 17
VisualStudioVersion = 17.0.32014.148
MinimumVisualStudioVersion = 10.0.40219.1
Project("{9A19103F-16F7-4668-BE54-9A1E7A4F7556}") = "Order", "ConsoleApp11\Order.csproj", "{73198817-B7A9-4D19-9E83-C31D5342965F}"
EndProject
Global
	GlobalSection(SolutionConfigurationPlatforms) = preSolution
		Debug|Any CPU = Debug|Any CPU
		Release|Any CPU = Release|Any CPU
	EndGlobalSection
	GlobalSection(ProjectConfigurationPlatforms) = postSolution
		{73198817-B7A9-4D19-9E83-C31D5342965F}.Debug|Any CPU.ActiveCfg = Debug|Any CPU
		{73198817-B7A9-4D19-9E83-C31D5342965F}.Debug|Any CPU.Build.0 = Debug|Any CPU
		{73198817-B7A9-4D19-9E83-C31D5342965F}.Release|Any CPU.ActiveCfg = Release|Any CPU
		{73198817-B7A9-4D19-9E83-C31D5342965F}.Release|Any CPU.Build.0 = Release|Any CPU
	EndGlobalSection
	GlobalSection(SolutionProperties) = preSolution
		HideSolutionNode = FALSE
	EndGlobalSection
	GlobalSection(ExtensibilityGlobals) = postSolution
		SolutionGuid = {57696EB2-2A7A-4479-B06C-DD7B9E3EEA6D}
	EndGlobalSection
EndGlobal
