
Microsoft Visual Studio Solution File, Format Version 12.00
# Visual Studio Version 16
VisualStudioVersion = 16.0.31624.102
MinimumVisualStudioVersion = 10.0.40219.1
Project("{FAE04EC0-301F-11D3-BF4B-00C04F79EFBC}") = "Ostap", "Ostap\Ostap.csproj", "{9C10D99E-40C3-463E-9D5B-D672A801F562}"
EndProject
Global
	GlobalSection(SolutionConfigurationPlatforms) = preSolution
		Debug|Any CPU = Debug|Any CPU
		Release|Any CPU = Release|Any CPU
	EndGlobalSection
	GlobalSection(ProjectConfigurationPlatforms) = postSolution
		{9C10D99E-40C3-463E-9D5B-D672A801F562}.Debug|Any CPU.ActiveCfg = Debug|Any CPU
		{9C10D99E-40C3-463E-9D5B-D672A801F562}.Debug|Any CPU.Build.0 = Debug|Any CPU
		{9C10D99E-40C3-463E-9D5B-D672A801F562}.Release|Any CPU.ActiveCfg = Release|Any CPU
		{9C10D99E-40C3-463E-9D5B-D672A801F562}.Release|Any CPU.Build.0 = Release|Any CPU
	EndGlobalSection
	GlobalSection(SolutionProperties) = preSolution
		HideSolutionNode = FALSE
	EndGlobalSection
	GlobalSection(ExtensibilityGlobals) = postSolution
		SolutionGuid = {5B0AB57F-E33F-4E4E-B5BE-5A9B9FE21F07}
	EndGlobalSection
EndGlobal
